
Microsoft Visual Studio Solution File, Format Version 12.00
# Visual Studio 15
VisualStudioVersion = 15.0.28307.489
MinimumVisualStudioVersion = 10.0.40219.1
Project("{FAE04EC0-301F-11D3-BF4B-00C04F79EFBC}") = "WebAPI", "WebAPI\WebAPI.csproj", "{6BD0B925-0350-4F5D-8618-456A317308CF}"
EndProject
Global
	GlobalSection(SolutionConfigurationPlatforms) = preSolution
		Debug|Any CPU = Debug|Any CPU
		Release|Any CPU = Release|Any CPU
	EndGlobalSection
	GlobalSection(ProjectConfigurationPlatforms) = postSolution
		{6BD0B925-0350-4F5D-8618-456A317308CF}.Debug|Any CPU.ActiveCfg = Debug|Any CPU
		{6BD0B925-0350-4F5D-8618-456A317308CF}.Debug|Any CPU.Build.0 = Debug|Any CPU
		{6BD0B925-0350-4F5D-8618-456A317308CF}.Release|Any CPU.ActiveCfg = Release|Any CPU
		{6BD0B925-0350-4F5D-8618-456A317308CF}.Release|Any CPU.Build.0 = Release|Any CPU
	EndGlobalSection
	GlobalSection(SolutionProperties) = preSolution
		HideSolutionNode = FALSE
	EndGlobalSection
	GlobalSection(ExtensibilityGlobals) = postSolution
		SolutionGuid = {7C01549C-AC32-49D8-B89C-C1BA2892B78D}
	EndGlobalSection
EndGlobal
